# THIS IS AN AUTOGENERATED FILE. DO NOT EDIT THIS FILE DIRECTLY.
# yarn lockfile v1


"@babel/helper-string-parser@^7.29.7":
  version "7.29.7"
  resolved "https://registry.npmmirror.com/@babel/helper-string-parser/-/helper-string-parser-7.29.7.tgz"
  integrity sha512-Pb5ijPrZ89GDH8223L4UP8i6QApWxs04RbPQJTeWDV0/keR2E36MeKnyr6LYmUUvqRRI+Iv87SuF1W6ErINzYw==

"@babel/helper-validator-identifier@^7.29.7":
  version "7.29.7"
  resolved "https://registry.npmmirror.com/@babel/helper-validator-identifier/-/helper-validator-identifier-7.29.7.tgz"
  integrity sha512-qehxGkRj55h/ff8EMaJ+cYhyaKlHIxqYDn682wQD7RNp9UujOQsHog2uS0r2vzr4pW+sXf90NeeayjcNaX3fFg==

"@babel/parser@^7.29.8":
  version "7.29.8"
  resolved "https://registry.npmmirror.com/@babel/parser/-/parser-7.29.8.tgz"
  integrity sha512-E8lTAYNB1KW+FH+VGJuZM1ioAx2E6oVlvQFRrf5P8ZZmsiJXYAD9vTFV7yyEURNzgh1dFqMZuO6tUwcARbqFCA==
  dependencies:
    "@babel/types" "^7.29.8"

"@babel/types@^7.29.8":
  version "7.29.8"
  resolved "https://registry.npmmirror.com/@babel/types/-/types-7.29.8.tgz"
  integrity sha512-Vj1jF3cPfxg7OAfoI7QnVKLoILlm2JF9pnVHrX8qx7AHMiYWT+NDAA7jChlNgRS4WTLc/fD1lXLmPixluj+3Gg==
  dependencies:
    "@babel/helper-string-parser" "^7.29.7"
    "@babel/helper-validator-identifier" "^7.29.7"

"@esbuild/darwin-arm64@0.25.12":
  version "0.25.12"
  resolved "https://registry.npmmirror.com/@esbuild/darwin-arm64/-/darwin-arm64-0.25.12.tgz"
  integrity sha512-N3zl+lxHCifgIlcMUP5016ESkeQjLj/959RxxNYIthIg+CQHInujFuXeWbWMgnTo4cp5XVHqFPmpyu9J65C1Yg==

"@jridgewell/sourcemap-codec@^1.5.5":
  version "1.6.0"
  resolved "https://registry.npmmirror.com/@jridgewell/sourcemap-codec/-/sourcemap-codec-1.6.0.tgz"
  integrity sha512-T7jf+5zgsZHwNJ4lvQ7/aezbyk0nNX+zJVWpmHA7VYsEx7a7qr5Rg5IbtJFqkgze5Y2sruq1RUY8Q837Od7iFw==

"@rollup/rollup-darwin-arm64@4.63.1":
  version "4.63.1"
  resolved "https://registry.npmmirror.com/@rollup/rollup-darwin-arm64/-/rollup-darwin-arm64-4.63.1.tgz"
  integrity sha512-FQNqd1lRy/0QhDk3xeRIkSBiCpXCiDnZO3YLVdcDKN1UBiKToNftCzcXYNLshmPDUMlu2TdeS8tGcsU6f3YF1Q==

"@types/estree@1.0.9":
  version "1.0.9"
  resolved "https://registry.npmmirror.com/@types/estree/-/estree-1.0.9.tgz"
  integrity sha512-GhdPgy1el4/ImP05X05Uw4cw2/M93BCUmnEvWZNStlCzEKME4Fkk+YpoA5OiHNQmoS7Cafb8Xa3Pya8m1Qrzeg==

"@types/node@*", "@types/node@^18.0.0 || ^20.0.0 || >=22.0.0", "@types/node@>=20.0.0":
  version "22.20.2"
  resolved "https://registry.npmmirror.com/@types/node/-/node-22.20.2.tgz"
  integrity sha512-xlvWf4Vs9n1PEVYwP1n4vvG07M6y8WgvJ2t0vbrWTmijsIHp1cS+uJ2kMIRdY3nHZK0nCYKrPeD171+SzF4/zw==
  dependencies:
    undici-types "~6.21.0"

"@types/trusted-types@^2.0.7":
  version "2.0.7"
  resolved "https://registry.npmmirror.com/@types/trusted-types/-/trusted-types-2.0.7.tgz"
  integrity sha512-ScaPdn1dQczgbl0QFTeTOmVHFULt394XJgOQNoyVhZ6r2vLnMLJfBPd53SB52T/3G36VI1/g2MZaX0cwDuXsfw==

"@types/whatwg-mimetype@^3.0.2":
  version "3.0.2"
  resolved "https://registry.npmmirror.com/@types/whatwg-mimetype/-/whatwg-mimetype-3.0.2.tgz"
  integrity sha512-c2AKvDT8ToxLIOUlN51gTiHXflsfIFisS4pO7pDPoKouJCESkhZnEy623gwP9laCy5lnLDAw1vAzu2vM2YLOrA==

"@types/ws@^8.18.1":
  version "8.18.1"
  resolved "https://registry.npmmirror.com/@types/ws/-/ws-8.18.1.tgz"
  integrity sha512-ThVF6DCVhA8kUGy+aazFQ4kXQ7E1Ty7A3ypFOe0IcJV8O/M511G99AW24irKrW56Wt44yG9+ij8FaqoBGkuBXg==
  dependencies:
    "@types/node" "*"

"@vitejs/plugin-vue@^5.2.4":
  version "5.2.4"
  resolved "https://registry.npmmirror.com/@vitejs/plugin-vue/-/plugin-vue-5.2.4.tgz"
  integrity sha512-7Yx/SXSOcQq5HiiV3orevHUFn+pmMB4cgbEkDYgnkUWb0WfeQ/wa2yFv6D5ICiCQOVpjA7vYDXrC7AGO8yjDHA==

"@vue/compiler-core@3.5.42":
  version "3.5.42"
  resolved "https://registry.npmmirror.com/@vue/compiler-core/-/compiler-core-3.5.42.tgz"
  integrity sha512-2Ye1ilMtKXxl8qZUrQ5j0CdgenFp/HFQmta6rfRyfEsTG69L6Wk+tWuNoHYHMx9E8tF2Slvdg1FuwDvAXdy1LQ==
  dependencies:
    "@babel/parser" "^7.29.8"
    "@vue/shared" "3.5.42"
    entities "^7.0.1"
    estree-walker "^2.0.2"
    source-map-js "^1.2.1"

"@vue/compiler-dom@3.5.42":
  version "3.5.42"
  resolved "https://registry.npmmirror.com/@vue/compiler-dom/-/compiler-dom-3.5.42.tgz"
  integrity sha512-qbhQZEFmycr+ni/qyuccS4sucNN7VAbDfbkvNxWOX2VfgFm90MNs3/UhRNKoPMEIVn0F8gdlYjLPvqxHwHeQOA==
  dependencies:
    "@vue/compiler-core" "3.5.42"
    "@vue/shared" "3.5.42"

"@vue/compiler-sfc@3.5.42":
  version "3.5.42"
  resolved "https://registry.npmmirror.com/@vue/compiler-sfc/-/compiler-sfc-3.5.42.tgz"
  integrity sha512-fkCAFB4okcAANGMThboWnScp/gzWjU0ZSkVnjTIiplmMDq2uq0tIB3j+xVu4rhv5rvOgBySCysudmbMd6xRRqw==
  dependencies:
    "@babel/parser" "^7.29.8"
    "@vue/compiler-core" "3.5.42"
    "@vue/compiler-dom" "3.5.42"
    "@vue/compiler-ssr" "3.5.42"
    "@vue/shared" "3.5.42"
    estree-walker "^2.0.2"
    magic-string "^0.30.21"
    postcss "^8.5.19"
    source-map-js "^1.2.1"

"@vue/compiler-ssr@3.5.42":
  version "3.5.42"
  resolved "https://registry.npmmirror.com/@vue/compiler-ssr/-/compiler-ssr-3.5.42.tgz"
  integrity sha512-xmLk3wLkbizPAiLyomjgFFosf2ys9b5Ghb+oh/k2tnvipNz8OFrQOiTcWCzyK7MpBp9KkyGtfvgfLUivbmuGYA==
  dependencies:
    "@vue/compiler-dom" "3.5.42"
    "@vue/shared" "3.5.42"

"@vue/reactivity@3.5.42":
  version "3.5.42"
  resolved "https://registry.npmmirror.com/@vue/reactivity/-/reactivity-3.5.42.tgz"
  integrity sha512-TzNNfKpb7hDxbQltwAut8VDQA5YP+BuRlxntHUuRjyKwlMvmAPbs3unhCvieijifY6vFfVBwsS7wG/C7uq+bEQ==
  dependencies:
    "@vue/shared" "3.5.42"

"@vue/runtime-core@3.5.42":
  version "3.5.42"
  resolved "https://registry.npmmirror.com/@vue/runtime-core/-/runtime-core-3.5.42.tgz"
  integrity sha512-9uACtuHs7vJGkm5Bp3xu4xRDLFTIYy5DgxpToVjqGIAhAEKwQfsaLvKINhM6nFVp6bZPRFGdDqd1g52MqKsotA==
  dependencies:
    "@vue/reactivity" "3.5.42"
    "@vue/shared" "3.5.42"

"@vue/runtime-dom@3.5.42":
  version "3.5.42"
  resolved "https://registry.npmmirror.com/@vue/runtime-dom/-/runtime-dom-3.5.42.tgz"
  integrity sha512-rsCmhiWLaRxGltLwhlCWyYkFn7WAbKRh0q17eZ1A6Dq6eqc2ACQ61IIryxz0LrsvCzHSilLA9JHovVwM8CNE2g==
  dependencies:
    "@vue/reactivity" "3.5.42"
    "@vue/runtime-core" "3.5.42"
    "@vue/shared" "3.5.42"
    csstype "^3.2.3"

"@vue/server-renderer@3.5.42":
  version "3.5.42"
  resolved "https://registry.npmmirror.com/@vue/server-renderer/-/server-renderer-3.5.42.tgz"
  integrity sha512-2++5dUyYS4gvo7xQXSECUDhB7TS0aOl5SeVfC5qSq1Jgfhjvegw1zqhwTIR3imZ+QYPJQw9gfcFvXGAjGZ7ajQ==
  dependencies:
    "@vue/compiler-ssr" "3.5.42"
    "@vue/runtime-dom" "3.5.42"
    "@vue/shared" "3.5.42"

"@vue/shared@3.5.42":
  version "3.5.42"
  resolved "https://registry.npmmirror.com/@vue/shared/-/shared-3.5.42.tgz"
  integrity sha512-2rPxex1jQf4jvl9MOHl6YaXCPcrNqz/FstMOEh3QWY+/OME9nQTvl9WYeCwhW7AFjaR0SnngZGlp/wkR6rkI6g==

buffer-image-size@^0.6.4:
  version "0.6.4"
  resolved "https://registry.npmmirror.com/buffer-image-size/-/buffer-image-size-0.6.4.tgz"
  integrity sha512-nEh+kZOPY1w+gcCMobZ6ETUp9WfibndnosbpwB1iJk/8Gt5ZF2bhS6+B6bPYz424KtwsR6Rflc3tCz1/ghX2dQ==
  dependencies:
    "@types/node" "*"

csstype@^3.2.3:
  version "3.2.3"
  resolved "https://registry.npmmirror.com/csstype/-/csstype-3.2.3.tgz"
  integrity sha512-z1HGKcYy2xA8AGQfwrn0PAy+PB7X/GSj3UVJW9qKyn43xWa+gl5nXmU4qqLMRzWVLFC8KusUX8T/0kCiOYpAIQ==

dompurify@3.4.8:
  version "3.4.8"
  resolved "https://registry.npmmirror.com/dompurify/-/dompurify-3.4.8.tgz"
  integrity sha512-yb1cEmaOum7wFvOCSQxyfgVlv5D47Rc30iZWoMpbDIWTnJ6grDDQyu2KFJzB2k7u0pMuJcQ1zphH//fFnw2tjQ==
  optionalDependencies:
    "@types/trusted-types" "^2.0.7"

entities@^7.0.1:
  version "7.0.1"
  resolved "https://registry.npmmirror.com/entities/-/entities-7.0.1.tgz"
  integrity sha512-TWrgLOFUQTH994YUyl1yT4uyavY5nNB5muff+RtWaqNVCAK408b5ZnnbNAUEWLTCpum9w6arT70i1XdQ4UeOPA==

esbuild@^0.25.0:
  version "0.25.12"
  resolved "https://registry.npmmirror.com/esbuild/-/esbuild-0.25.12.tgz"
  integrity sha512-bbPBYYrtZbkt6Os6FiTLCTFxvq4tt3JKall1vRwshA3fdVztsLAatFaZobhkBC8/BrPetoa0oksYoKXoG4ryJg==
  optionalDependencies:
    "@esbuild/aix-ppc64" "0.25.12"
    "@esbuild/android-arm" "0.25.12"
    "@esbuild/android-arm64" "0.25.12"
    "@esbuild/android-x64" "0.25.12"
    "@esbuild/darwin-arm64" "0.25.12"
    "@esbuild/darwin-x64" "0.25.12"
    "@esbuild/freebsd-arm64" "0.25.12"
    "@esbuild/freebsd-x64" "0.25.12"
    "@esbuild/linux-arm" "0.25.12"
    "@esbuild/linux-arm64" "0.25.12"
    "@esbuild/linux-ia32" "0.25.12"
    "@esbuild/linux-loong64" "0.25.12"
    "@esbuild/linux-mips64el" "0.25.12"
    "@esbuild/linux-ppc64" "0.25.12"
    "@esbuild/linux-riscv64" "0.25.12"
    "@esbuild/linux-s390x" "0.25.12"
    "@esbuild/linux-x64" "0.25.12"
    "@esbuild/netbsd-arm64" "0.25.12"
    "@esbuild/netbsd-x64" "0.25.12"
    "@esbuild/openbsd-arm64" "0.25.12"
    "@esbuild/openbsd-x64" "0.25.12"
    "@esbuild/openharmony-arm64" "0.25.12"
    "@esbuild/sunos-x64" "0.25.12"
    "@esbuild/win32-arm64" "0.25.12"
    "@esbuild/win32-ia32" "0.25.12"
    "@esbuild/win32-x64" "0.25.12"

estree-walker@^2.0.2:
  version "2.0.2"
  resolved "https://registry.npmmirror.com/estree-walker/-/estree-walker-2.0.2.tgz"
  integrity sha512-Rfkk/Mp/DL7JVje3u18FxFujQlTNR2q6QfMSMB7AvCBx91NGj/ba3kCfza0f6dVDbw7YlRf/nDrn7pQrCCyQ/w==

fdir@^6.4.4, fdir@^6.5.0:
  version "6.5.0"
  resolved "https://registry.npmmirror.com/fdir/-/fdir-6.5.0.tgz"
  integrity sha512-tIbYtZbucOs0BRGqPJkshJUYdL+SDH7dVM8gjy+ERp3WAUjLEFJE+02kanyHtwjWOnwrKYBiwAmM0p4kLJAnXg==

fsevents@~2.3.2, fsevents@~2.3.3:
  version "2.3.3"
  resolved "https://registry.npmmirror.com/fsevents/-/fsevents-2.3.3.tgz"
  integrity sha512-5xoDfX+fL7faATnagmWPpbFtwh/R77WmMMqqHGS65C3vvB0YHrgF+B1YmZ3441tMj5n63k0212XNoJwzlhffQw==

happy-dom@*:
  version "20.14.3"
  resolved "https://registry.npmmirror.com/happy-dom/-/happy-dom-20.14.3.tgz"
  integrity sha512-0KMb/Eh8rsd+aMNkOk5h8LkAjo9Na1aksnEGmsuZf+GXl6UkAdIi0VbUHU7d59lXhNmawODgwwuCMiZpCxwwCw==
  dependencies:
    "@types/node" ">=20.0.0"
    "@types/whatwg-mimetype" "^3.0.2"
    "@types/ws" "^8.18.1"
    buffer-image-size "^0.6.4"
    entities "^7.0.1"
    whatwg-mimetype "^3.0.0"
    ws "^8.21.0"

magic-string@^0.30.21:
  version "0.30.21"
  resolved "https://registry.npmmirror.com/magic-string/-/magic-string-0.30.21.tgz"
  integrity sha512-vd2F4YUyEXKGcLHoq+TEyCjxueSeHnFxyyjNp80yg0XV4vUhnDer/lvvlqM/arB5bXQN5K2/3oinyCRyx8T2CQ==
  dependencies:
    "@jridgewell/sourcemap-codec" "^1.5.5"

marked@14.0.0:
  version "14.0.0"
  resolved "https://registry.npmmirror.com/marked/-/marked-14.0.0.tgz"
  integrity sha512-uIj4+faQ+MgHgwUW1l2PsPglZLOLOT1uErt06dAPtx2kjteLAkbsd/0FiYg/MGS+i7ZKLb7w2WClxHkzOOuryQ==

monaco-editor@^0.56.0:
  version "0.56.0"
  resolved "https://registry.npmmirror.com/monaco-editor/-/monaco-editor-0.56.0.tgz"
  integrity sha512-sXboRm3BeBeLm938eaiyLMe0OxzfXIlZvbv4ir/jVgQy1zDhWjgmny0WoN45fuDKhCCQsYMbBJrv/A6jd8aCUg==
  dependencies:
    dompurify "3.4.8"
    marked "14.0.0"

nanoid@^3.3.18:
  version "3.3.19"
  resolved "https://registry.npmmirror.com/nanoid/-/nanoid-3.3.19.tgz"
  integrity sha512-Y2tUNy4ouw6tq5oDSKeQYGOyhkUBhNOcGV/02KC+6kd9eDGqdZd++mjMiIDilrBYvjEnCYvVtsuHCuP+okSfug==

picocolors@^1.1.1:
  version "1.1.1"
  resolved "https://registry.npmmirror.com/picocolors/-/picocolors-1.1.1.tgz"
  integrity sha512-xceH2snhtb5M9liqDsmEw56le376mTZkEX/jEb/RxNFyegNul7eNslCXP9FDj/Lcu0X8KEyMceP2ntpaHrDEVA==

"picomatch@^3 || ^4", picomatch@^4.0.2, picomatch@^4.0.4:
  version "4.0.7"
  resolved "https://registry.npmmirror.com/picomatch/-/picomatch-4.0.7.tgz"
  integrity sha512-qcJu88Q2IWqJsDD529JKMdwGm/dvInW4HvQnRwiH9JtihJvzGOscDtHE3x1pBKeUOTysQ8kVmLnJ2kJu7yhcGA==

postcss@^8.5.19, postcss@^8.5.3:
  version "8.5.28"
  resolved "https://registry.npmmirror.com/postcss/-/postcss-8.5.28.tgz"
  integrity sha512-RRuzqDtt5Y9h3quz5hWhK+TPnsmVs6WwSU6LkJMeY4HstUEDuYTG8UJSdawMRzmzAtV+KEoG8N3Qg2qLy5vM/A==
  dependencies:
    nanoid "^3.3.18"
    picocolors "^1.1.1"
    source-map-js "^1.2.1"

prettier@3.9.6:
  version "3.9.6"
  resolved "https://registry.npmmirror.com/prettier/-/prettier-3.9.6.tgz"
  integrity sha512-OpN0zzVdiaiAhxpuuj5efpIS4sY9j7bY6uR5mnj5yPzGkdkjNKSJeUThPb60Jw29QuAZgA4o+/iB49kFiaBX6g==

rollup@^4.34.9:
  version "4.63.1"
  resolved "https://registry.npmmirror.com/rollup/-/rollup-4.63.1.tgz"
  integrity sha512-3Df9jsstwhccuEfmAMi9l8XUh/GOkVObmFTU7CCVBysEbcOZLl84jCtaAZMcPiMz2EGKsATzQcU+Xr3n/wU6cg==
  dependencies:
    "@types/estree" "1.0.9"
  optionalDependencies:
    "@napi-rs/lzma-linux-x64-gnu" "1.5.1"
    "@rollup/rollup-android-arm-eabi" "4.63.1"
    "@rollup/rollup-android-arm64" "4.63.1"
    "@rollup/rollup-darwin-arm64" "4.63.1"
    "@rollup/rollup-darwin-x64" "4.63.1"
    "@rollup/rollup-freebsd-arm64" "4.63.1"
    "@rollup/rollup-freebsd-x64" "4.63.1"
    "@rollup/rollup-linux-arm-gnueabihf" "4.63.1"
    "@rollup/rollup-linux-arm-musleabihf" "4.63.1"
    "@rollup/rollup-linux-arm64-gnu" "4.63.1"
    "@rollup/rollup-linux-arm64-musl" "4.63.1"
    "@rollup/rollup-linux-loong64-gnu" "4.63.1"
    "@rollup/rollup-linux-loong64-musl" "4.63.1"
    "@rollup/rollup-linux-ppc64-gnu" "4.63.1"
    "@rollup/rollup-linux-ppc64-musl" "4.63.1"
    "@rollup/rollup-linux-riscv64-gnu" "4.63.1"
    "@rollup/rollup-linux-riscv64-musl" "4.63.1"
    "@rollup/rollup-linux-s390x-gnu" "4.63.1"
    "@rollup/rollup-linux-x64-gnu" "4.63.1"
    "@rollup/rollup-linux-x64-musl" "4.63.1"
    "@rollup/rollup-openbsd-x64" "4.63.1"
    "@rollup/rollup-openharmony-arm64" "4.63.1"
    "@rollup/rollup-win32-arm64-msvc" "4.63.1"
    "@rollup/rollup-win32-ia32-msvc" "4.63.1"
    "@rollup/rollup-win32-x64-gnu" "4.63.1"
    "@rollup/rollup-win32-x64-msvc" "4.63.1"
    fsevents "~2.3.2"

source-map-js@^1.2.1:
  version "1.2.1"
  resolved "https://registry.npmmirror.com/source-map-js/-/source-map-js-1.2.1.tgz"
  integrity sha512-UXWMKhLOwVKb728IUtQPXxfYU+usdybtUrK/8uGE8CQMvrhOpwvzDBwj0QhSL7MQc7vIsISBG8VQ8+IDQxpfQA==

tinyglobby@^0.2.13:
  version "0.2.17"
  resolved "https://registry.npmmirror.com/tinyglobby/-/tinyglobby-0.2.17.tgz"
  integrity sha512-wXR/dYpcqKmfWpEdZjiKJOwCNFndD0DMnrW/cYjVGttEkBfVgcLFHoNrlj47mjOVic9yyNu65alsgF4NQyTa2g==
  dependencies:
    fdir "^6.5.0"
    picomatch "^4.0.4"

undici-types@~6.21.0:
  version "6.21.0"
  resolved "https://registry.npmmirror.com/undici-types/-/undici-types-6.21.0.tgz"
  integrity sha512-iwDZqg0QAGrg9Rav5H4n0M64c3mkR59cJ6wQp+7C4nI0gsmExaedaYLNO44eT4AtBBwjbTiGPMlt2Md0T9H9JQ==

"vite@^5.0.0 || ^6.0.0", vite@^6.4.3:
  version "6.4.3"
  resolved "https://registry.npmmirror.com/vite/-/vite-6.4.3.tgz"
  integrity sha512-NTKlcQjlAK7MlQoyb6LgaqHc8sso/pVyUJYWMws3jg21uTJw/LddqIFPcPqP6PzpgbIcZyKI85sFE4HBrQDA8A==
  dependencies:
    esbuild "^0.25.0"
    fdir "^6.4.4"
    picomatch "^4.0.2"
    postcss "^8.5.3"
    rollup "^4.34.9"
    tinyglobby "^0.2.13"
  optionalDependencies:
    fsevents "~2.3.3"

vue@^3.2.25, vue@^3.5.42:
  version "3.5.42"
  resolved "https://registry.npmmirror.com/vue/-/vue-3.5.42.tgz"
  integrity sha512-4RyHQTbQvOPs3MfvUO1Sg0YRrKNnA0mAVtvpd12Tg1fKDN7OHBUl1IqSn8zGJjK9nI3NkNp8cgTpVrSZC5TTcA==
  dependencies:
    "@vue/compiler-dom" "3.5.42"
    "@vue/compiler-sfc" "3.5.42"
    "@vue/runtime-dom" "3.5.42"
    "@vue/server-renderer" "3.5.42"
    "@vue/shared" "3.5.42"

whatwg-mimetype@^3.0.0:
  version "3.0.0"
  resolved "https://registry.npmmirror.com/whatwg-mimetype/-/whatwg-mimetype-3.0.0.tgz"
  integrity sha512-nt+N2dzIutVRxARx1nghPKGv1xHikU7HKdfafKkLNLindmPU/ch3U31NOCGGA/dmPcmb1VlofO0vnKAcsm0o/Q==

ws@^8.21.0:
  version "8.21.3"
  resolved "https://registry.npmmirror.com/ws/-/ws-8.21.3.tgz"
  integrity sha512-201TZ/kPWxoPr/OKWjquZR1SWKXcvxdH+e1xrx89b3YbmzLMFCLfnaG1HFIgWzJOEWZ7MvpK++odZufgYR50Rw==
